// !$*UTF8*$!
{
	archiveVersion = 1;
	classes = {
	};
	objectVersion = 46;
	objects = {

/* Begin PBXContainerItemProxy section */
		172EFCF61DB096BC00BA92F2 /* PBXContainerItemProxy */ = {
			isa = PBXContainerItemProxy;
			containerPortal = 172EFCD81DB096BC00BA92F2 /* Project object */;
			proxyType = 1;
			remoteGlobalIDString = 172EFCDF1DB096BC00BA92F2;
			remoteInfo = ActividadSemanaDos;
		};
/* End PBXContainerItemProxy section */

/* Begin PBXFileReference section */
		172EFD051DB096FC00BA92F2 /* MyPlayground.playground */ = {isa = PBXFileReference; lastKnownFileType = file.playground; path = MyPlayground.playground; sourceTree = "<group>"; };
		172EFD0A1DB09C3900BA92F2 /* ActividadSemanaDos.app */ = {isa = PBXFileReference; explicitFileType = wrapper.application; includeInIndex = 0; name = ActividadSemanaDos.app; path = "/Users/luzkarimebaezgalvis/Desktop/Apps xcode/ActividadSemanaDos/build/Debug-iphoneos/ActividadSemanaDos.app"; sourceTree = "<absolute>"; };
		172EFD0B1DB09C3900BA92F2 /* ActividadSemanaDosTests.xctest */ = {isa = PBXFileReference; explicitFileType = wrapper.cfbundle; includeInIndex = 0; name = ActividadSemanaDosTests.xctest; path = "/Users/luzkarimebaezgalvis/Desktop/Apps xcode/ActividadSemanaDos/build/Debug-iphoneos/ActividadSemanaDosTests.xctest"; sourceTree = "<absolute>"; };
/* End PBXFileReference section */

/* Begin PBXFrameworksBuildPhase section */
		172EFCDD1DB096BC00BA92F2 /* Frameworks */ = {
			isa = PBXFrameworksBuildPhase;
			buildActionMask = 2147483647;
			files = (
			);
			runOnlyForDeploymentPostprocessing = 0;
		};
		172EFCF21DB096BC00BA92F2 /* Frameworks */ = {
			isa = PBXFrameworksBuildPhase;
			buildActionMask = 2147483647;
			files = (
			);
			runOnlyForDeploymentPostprocessing = 0;
		};
/* End PBXFrameworksBuildPhase section */

/* Begin PBXGroup section */
		172EFCD71DB096BC00BA92F2 = {
			isa = PBXGroup;
			children = (
				172EFCE21DB096BC00BA92F2 /* ActividadSemanaDos */,
			);
			sourceTree = "<group>";
		};
		172EFCE21DB096BC00BA92F2 /* ActividadSemanaDos */ = {
			isa = PBXGroup;
			children = (
				172EFD051DB096FC00BA92F2 /* MyPlayground.playground */,
			);
			path = ActividadSemanaDos;
			sourceTree = "<group>";
		};
/* End PBXGroup section */

/* Begin PBXNativeTarget section */
		172EFCDF1DB096BC00BA92F2 /* ActividadSemanaDos */ = {
			isa = PBXNativeTarget;
			buildConfigurationList = 172EFCFF1DB096BC00BA92F2 /* Build configuration list for PBXNativeTarget "ActividadSemanaDos" */;
			buildPhases = (
				172EFCDC1DB096BC00BA92F2 /* Sources */,
				172EFCDD1DB096BC00BA92F2 /* Frameworks */,
				172EFCDE1DB096BC00BA92F2 /* Resources */,
			);
			buildRules = (
			);
			dependencies = (
			);
			name = ActividadSemanaDos;
			productName = ActividadSemanaDos;
			productReference = 172EFD0A1DB09C3900BA92F2 /* ActividadSemanaDos.app */;
			productType = "com.apple.product-type.application";
		};
		172EFCF41DB096BC00BA92F2 /* ActividadSemanaDosTests */ = {
			isa = PBXNativeTarget;
			buildConfigurationList = 172EFD021DB096BC00BA92F2 /* Build configuration list for PBXNativeTarget "ActividadSemanaDosTests" */;
			buildPhases = (
				172EFCF11DB096BC00BA92F2 /* Sources */,
				172EFCF21DB096BC00BA92F2 /* Frameworks */,
				172EFCF31DB096BC00BA92F2 /* Resources */,
			);
			buildRules = (
			);
			dependencies = (
				172EFCF71DB096BC00BA92F2 /* PBXTargetDependency */,
			);
			name = ActividadSemanaDosTests;
			productName = ActividadSemanaDosTests;
			productReference = 172EFD0B1DB09C3900BA92F2 /* ActividadSemanaDosTests.xctest */;
			productType = "com.apple.product-type.bundle.unit-test";
		};
/* End PBXNativeTarget section */

/* Begin PBXProject section */
		172EFCD81DB096BC00BA92F2 /* Project object */ = {
			isa = PBXProject;
			attributes = {
				LastUpgradeCheck = 0640;
				ORGANIZATIONNAME = "Kew-Baez Media";
				TargetAttributes = {
					172EFCDF1DB096BC00BA92F2 = {
						CreatedOnToolsVersion = 6.4;
					};
					172EFCF41DB096BC00BA92F2 = {
						CreatedOnToolsVersion = 6.4;
						TestTargetID = 172EFCDF1DB096BC00BA92F2;
					};
				};
			};
			buildConfigurationList = 172EFCDB1DB096BC00BA92F2 /* Build configuration list for PBXProject "ActividadSemanaDos" */;
			compatibilityVersion = "Xcode 3.2";
			developmentRegion = English;
			hasScannedForEncodings = 0;
			knownRegions = (
				en,
				Base,
			);
			mainGroup = 172EFCD71DB096BC00BA92F2;
			productRefGroup = 172EFCD71DB096BC00BA92F2;
			projectDirPath = "";
			projectRoot = "";
			targets = (
				172EFCDF1DB096BC00BA92F2 /* ActividadSemanaDos */,
				172EFCF41DB096BC00BA92F2 /* ActividadSemanaDosTests */,
			);
		};
/* End PBXProject section */

/* Begin PBXResourcesBuildPhase section */
		172EFCDE1DB096BC00BA92F2 /* Resources */ = {
			isa = PBXResourcesBuildPhase;
			buildActionMask = 2147483647;
			files = (
			);
			runOnlyForDeploymentPostprocessing = 0;
		};
		172EFCF31DB096BC00BA92F2 /* Resources */ = {
			isa = PBXResourcesBuildPhase;
			buildActionMask = 2147483647;
			files = (
			);
			runOnlyForDeploymentPostprocessing = 0;
		};
/* End PBXResourcesBuildPhase section */

/* Begin PBXSourcesBuildPhase section */
		172EFCDC1DB096BC00BA92F2 /* Sources */ = {
			isa = PBXSourcesBuildPhase;
			buildActionMask = 2147483647;
			files = (
			);
			runOnlyForDeploymentPostprocessing = 0;
		};
		172EFCF11DB096BC00BA92F2 /* Sources */ = {
			isa = PBXSourcesBuildPhase;
			buildActionMask = 2147483647;
			files = (
			);
			runOnlyForDeploymentPostprocessing = 0;
		};
/* End PBXSourcesBuildPhase section */

/* Begin PBXTargetDependency section */
		172EFCF71DB096BC00BA92F2 /* PBXTargetDependency */ = {
			isa = PBXTargetDependency;
			target = 172EFCDF1DB096BC00BA92F2 /* ActividadSemanaDos */;
			targetProxy = 172EFCF61DB096BC00BA92F2 /* PBXContainerItemProxy */;
		};
/* End PBXTargetDependency section */

/* Begin XCBuildConfiguration section */
		172EFCFD1DB096BC00BA92F2 /* Debug */ = {
			isa = XCBuildConfiguration;
			buildSettings = {
				ALWAYS_SEARCH_USER_PATHS = NO;
				CLANG_CXX_LANGUAGE_STANDARD = "gnu++0x";
				CLANG_CXX_LIBRARY = "libc++";
				CLANG_ENABLE_MODULES = YES;
				CLANG_ENABLE_OBJC_ARC = YES;
				CLANG_WARN_BOOL_CONVERSION = YES;
				CLANG_WARN_CONSTANT_CONVERSION = YES;
				CLANG_WARN_DIRECT_OBJC_ISA_USAGE = YES_ERROR;
				CLANG_WARN_EMPTY_BODY = YES;
				CLANG_WARN_ENUM_CONVERSION = YES;
				CLANG_WARN_INT_CONVERSION = YES;
				CLANG_WARN_OBJC_ROOT_CLASS = YES_ERROR;
				CLANG_WARN_UNREACHABLE_CODE = YES;
				CLANG_WARN__DUPLICATE_METHOD_MATCH = YES;
				"CODE_SIGN_IDENTITY[sdk=iphoneos*]" = "iPhone Developer";
				COPY_PHASE_STRIP = NO;
				DEBUG_INFORMATION_FORMAT = "dwarf-with-dsym";
				ENABLE_STRICT_OBJC_MSGSEND = YES;
				GCC_C_LANGUAGE_STANDARD = gnu99;
				GCC_DYNAMIC_NO_PIC = NO;
				GCC_NO_COMMON_BLOCKS = YES;
				GCC_OPTIMIZATION_LEVEL = 0;
				GCC_PREPROCESSOR_DEFINITIONS = (
					"DEBUG=1",
					"$(inherited)",
				);
				GCC_SYMBOLS_PRIVATE_EXTERN = NO;
				GCC_WARN_64_TO_32_BIT_CONVERSION = YES;
				GCC_WARN_ABOUT_RETURN_TYPE = YES_ERROR;
				GCC_WARN_UNDECLARED_SELECTOR = YES;
				GCC_WARN_UNINITIALIZED_AUTOS = YES_AGGRESSIVE;
				GCC_WARN_UNUSED_FUNCTION = YES;
				GCC_WARN_UNUSED_VARIABLE = YES;
				IPHONEOS_DEPLOYMENT_TARGET = 8.4;
				MTL_ENABLE_DEBUG_INFO = YES;
				ONLY_ACTIVE_ARCH = YES;
				SDKROOT = iphoneos;
				SWIFT_OPTIMIZATION_LEVEL = "-Onone";
			};
			name = Debug;
		};
		172EFCFE1DB096BC00BA92F2 /* Release */ = {
			isa = XCBuildConfiguration;
			buildSettings = {
				ALWAYS_SEARCH_USER_PATHS = NO;
				CLANG_CXX_LANGUAGE_STANDARD = "gnu++0x";
				CLANG_CXX_LIBRARY = "libc++";
				CLANG_ENABLE_MODULES = YES;
				CLANG_ENABLE_OBJC_ARC = YES;
				CLANG_WARN_BOOL_CONVERSION = YES;
				CLANG_WARN_CONSTANT_CONVERSION = YES;
				CLANG_WARN_DIRECT_OBJC_ISA_USAGE = YES_ERROR;
				CLANG_WARN_EMPTY_BODY = YES;
				CLANG_WARN_ENUM_CONVERSION = YES;
				CLANG_WARN_INT_CONVERSION = YES;
				CLANG_WARN_OBJC_ROOT_CLASS = YES_ERROR;
				CLANG_WARN_UNREACHABLE_CODE = YES;
				CLANG_WARN__DUPLICATE_METHOD_MATCH = YES;
				"CODE_SIGN_IDENTITY[sdk=iphoneos*]" = "iPhone Developer";
				COPY_PHASE_STRIP = NO;
				DEBUG_INFORMATION_FORMAT = "dwarf-with-dsym";
				ENABLE_NS_ASSERTIONS = NO;
				ENABLE_STRICT_OBJC_MSGSEND = YES;
				GCC_C_LANGUAGE_STANDARD = gnu99;
				GCC_NO_COMMON_BLOCKS = YES;
				GCC_WARN_64_TO_32_BIT_CONVERSION = YES;
				GCC_WARN_ABOUT_RETURN_TYPE = YES_ERROR;
				GCC_WARN_UNDECLARED_SELECTOR = YES;
				GCC_WARN_UNINITIALIZED_AUTOS = YES_AGGRESSIVE;
				GCC_WARN_UNUSED_FUNCTION = YES;
				GCC_WARN_UNUSED_VARIABLE = YES;
				IPHONEOS_DEPLOYMENT_TARGET = 8.4;
				MTL_ENABLE_DEBUG_INFO = NO;
				SDKROOT = iphoneos;
				VALIDATE_PRODUCT = YES;
			};
			name = Release;
		};
		172EFD001DB096BC00BA92F2 /* Debug */ = {
			isa = XCBuildConfiguration;
			buildSettings = {
				ASSETCATALOG_COMPILER_APPICON_NAME = AppIcon;
				INFOPLIST_FILE = ActividadSemanaDos/Info.plist;
				LD_RUNPATH_SEARCH_PATHS = "$(inherited) @executable_path/Frameworks";
				PRODUCT_NAME = "$(TARGET_NAME)";
			};
			name = Debug;
		};
		172EFD011DB096BC00BA92F2 /* Release */ = {
			isa = XCBuildConfiguration;
			buildSettings = {
				ASSETCATALOG_COMPILER_APPICON_NAME = AppIcon;
				INFOPLIST_FILE = ActividadSemanaDos/Info.plist;
				LD_RUNPATH_SEARCH_PATHS = "$(inherited) @executable_path/Frameworks";
				PRODUCT_NAME = "$(TARGET_NAME)";
			};
			name = Release;
		};
		172EFD031DB096BC00BA92F2 /* Debug */ = {
			isa = XCBuildConfiguration;
			buildSettings = {
				BUNDLE_LOADER = "$(TEST_HOST)";
				FRAMEWORK_SEARCH_PATHS = (
					"$(SDKROOT)/Developer/Library/Frameworks",
					"$(inherited)",
				);
				GCC_PREPROCESSOR_DEFINITIONS = (
					"DEBUG=1",
					"$(inherited)",
				);
				INFOPLIST_FILE = ActividadSemanaDosTests/Info.plist;
				LD_RUNPATH_SEARCH_PATHS = "$(inherited) @executable_path/Frameworks @loader_path/Frameworks";
				PRODUCT_NAME = "$(TARGET_NAME)";
				TEST_HOST = "$(BUILT_PRODUCTS_DIR)/ActividadSemanaDos.app/ActividadSemanaDos";
			};
			name = Debug;
		};
		172EFD041DB096BC00BA92F2 /* Release */ = {
			isa = XCBuildConfiguration;
			buildSettings = {
				BUNDLE_LOADER = "$(TEST_HOST)";
				FRAMEWORK_SEARCH_PATHS = (
					"$(SDKROOT)/Developer/Library/Frameworks",
					"$(inherited)",
				);
				INFOPLIST_FILE = ActividadSemanaDosTests/Info.plist;
				LD_RUNPATH_SEARCH_PATHS = "$(inherited) @executable_path/Frameworks @loader_path/Frameworks";
				PRODUCT_NAME = "$(TARGET_NAME)";
				TEST_HOST = "$(BUILT_PRODUCTS_DIR)/ActividadSemanaDos.app/ActividadSemanaDos";
			};
			name = Release;
		};
/* End XCBuildConfiguration section */

/* Begin XCConfigurationList section */
		172EFCDB1DB096BC00BA92F2 /* Build configuration list for PBXProject "ActividadSemanaDos" */ = {
			isa = XCConfigurationList;
			buildConfigurations = (
				172EFCFD1DB096BC00BA92F2 /* Debug */,
				172EFCFE1DB096BC00BA92F2 /* Release */,
			);
			defaultConfigurationIsVisible = 0;
			defaultConfigurationName = Release;
		};
		172EFCFF1DB096BC00BA92F2 /* Build configuration list for PBXNativeTarget "ActividadSemanaDos" */ = {
			isa = XCConfigurationList;
			buildConfigurations = (
				172EFD001DB096BC00BA92F2 /* Debug */,
				172EFD011DB096BC00BA92F2 /* Release */,
			);
			defaultConfigurationIsVisible = 0;
			defaultConfigurationName = Release;
		};
		172EFD021DB096BC00BA92F2 /* Build configuration list for PBXNativeTarget "ActividadSemanaDosTests" */ = {
			isa = XCConfigurationList;
			buildConfigurations = (
				172EFD031DB096BC00BA92F2 /* Debug */,
				172EFD041DB096BC00BA92F2 /* Release */,
			);
			defaultConfigurationIsVisible = 0;
			defaultConfigurationName = Release;
		};
/* End XCConfigurationList section */
	};
	rootObject = 172EFCD81DB096BC00BA92F2 /* Project object */;
}
